
Microsoft Visual Studio Solution File, Format Version 12.00
# Visual Studio Version 17
VisualStudioVersion = 17.6.33815.320
MinimumVisualStudioVersion = 10.0.40219.1
Project("{9A19103F-16F7-4668-BE54-9A1E7A4F7556}") = "FocusTree", "[winfrom]FocusTree\FocusTree.csproj", "{EFD938AC-2168-4477-BC6B-2F5D54C3056C}"
EndProject
Project("{9A19103F-16F7-4668-BE54-9A1E7A4F7556}") = "FormatRawEffectSentence", "..\_lib\FormatRawEffectSentence\FormatRawEffectSentence.csproj", "{4B80850A-82D6-435E-8D0B-B6FA5882754D}"
EndProject
Project("{9A19103F-16F7-4668-BE54-9A1E7A4F7556}") = "SimpleScriptSerialization", "..\SimpleScriptSerialization\SimpleScriptSerialization.csproj", "{F6F2CF13-E104-4A17-AF3B-07492645B544}"
EndProject
Project("{9A19103F-16F7-4668-BE54-9A1E7A4F7556}") = "LocalUtilities", "..\_lib\LocalUtilities\LocalUtilities.csproj", "{D95F1F78-C4D8-4E82-8368-9051EED06230}"
EndProject
Global
	GlobalSection(SolutionConfigurationPlatforms) = preSolution
		Debug|Any CPU = Debug|Any CPU
		Debug|ARM64 = Debug|ARM64
		Debug|x64 = Debug|x64
		Debug|x86 = Debug|x86
		Release|Any CPU = Release|Any CPU
		Release|ARM64 = Release|ARM64
		Release|x64 = Release|x64
		Release|x86 = Release|x86
	EndGlobalSection
	GlobalSection(ProjectConfigurationPlatforms) = postSolution
		{EFD938AC-2168-4477-BC6B-2F5D54C3056C}.Debug|Any CPU.ActiveCfg = Debug|Any CPU
		{EFD938AC-2168-4477-BC6B-2F5D54C3056C}.Debug|Any CPU.Build.0 = Debug|Any CPU
		{EFD938AC-2168-4477-BC6B-2F5D54C3056C}.Debug|ARM64.ActiveCfg = Debug|Any CPU
		{EFD938AC-2168-4477-BC6B-2F5D54C3056C}.Debug|ARM64.Build.0 = Debug|Any CPU
		{EFD938AC-2168-4477-BC6B-2F5D54C3056C}.Debug|x64.ActiveCfg = Debug|Any CPU
		{EFD938AC-2168-4477-BC6B-2F5D54C3056C}.Debug|x64.Build.0 = Debug|Any CPU
		{EFD938AC-2168-4477-BC6B-2F5D54C3056C}.Debug|x86.ActiveCfg = Debug|Any CPU
		{EFD938AC-2168-4477-BC6B-2F5D54C3056C}.Debug|x86.Build.0 = Debug|Any CPU
		{EFD938AC-2168-4477-BC6B-2F5D54C3056C}.Release|Any CPU.ActiveCfg = Release|Any CPU
		{EFD938AC-2168-4477-BC6B-2F5D54C3056C}.Release|Any CPU.Build.0 = Release|Any CPU
		{EFD938AC-2168-4477-BC6B-2F5D54C3056C}.Release|ARM64.ActiveCfg = Release|Any CPU
		{EFD938AC-2168-4477-BC6B-2F5D54C3056C}.Release|ARM64.Build.0 = Release|Any CPU
		{EFD938AC-2168-4477-BC6B-2F5D54C3056C}.Release|x64.ActiveCfg = Release|Any CPU
		{EFD938AC-2168-4477-BC6B-2F5D54C3056C}.Release|x64.Build.0 = Release|Any CPU
		{EFD938AC-2168-4477-BC6B-2F5D54C3056C}.Release|x86.ActiveCfg = Release|Any CPU
		{EFD938AC-2168-4477-BC6B-2F5D54C3056C}.Release|x86.Build.0 = Release|Any CPU
		{4B80850A-82D6-435E-8D0B-B6FA5882754D}.Debug|Any CPU.ActiveCfg = Debug|Any CPU
		{4B80850A-82D6-435E-8D0B-B6FA5882754D}.Debug|Any CPU.Build.0 = Debug|Any CPU
		{4B80850A-82D6-435E-8D0B-B6FA5882754D}.Debug|ARM64.ActiveCfg = Debug|Any CPU
		{4B80850A-82D6-435E-8D0B-B6FA5882754D}.Debug|ARM64.Build.0 = Debug|Any CPU
		{4B80850A-82D6-435E-8D0B-B6FA5882754D}.Debug|x64.ActiveCfg = Debug|Any CPU
		{4B80850A-82D6-435E-8D0B-B6FA5882754D}.Debug|x64.Build.0 = Debug|Any CPU
		{4B80850A-82D6-435E-8D0B-B6FA5882754D}.Debug|x86.ActiveCfg = Debug|Any CPU
		{4B80850A-82D6-435E-8D0B-B6FA5882754D}.Debug|x86.Build.0 = Debug|Any CPU
		{4B80850A-82D6-435E-8D0B-B6FA5882754D}.Release|Any CPU.ActiveCfg = Release|Any CPU
		{4B80850A-82D6-435E-8D0B-B6FA5882754D}.Release|Any CPU.Build.0 = Release|Any CPU
		{4B80850A-82D6-435E-8D0B-B6FA5882754D}.Release|ARM64.ActiveCfg = Release|Any CPU
		{4B80850A-82D6-435E-8D0B-B6FA5882754D}.Release|ARM64.Build.0 = Release|Any CPU
		{4B80850A-82D6-435E-8D0B-B6FA5882754D}.Release|x64.ActiveCfg = Release|Any CPU
		{4B80850A-82D6-435E-8D0B-B6FA5882754D}.Release|x64.Build.0 = Release|Any CPU
		{4B80850A-82D6-435E-8D0B-B6FA5882754D}.Release|x86.ActiveCfg = Release|Any CPU
		{4B80850A-82D6-435E-8D0B-B6FA5882754D}.Release|x86.Build.0 = Release|Any CPU
		{F6F2CF13-E104-4A17-AF3B-07492645B544}.Debug|Any CPU.ActiveCfg = Debug|Any CPU
		{F6F2CF13-E104-4A17-AF3B-07492645B544}.Debug|Any CPU.Build.0 = Debug|Any CPU
		{F6F2CF13-E104-4A17-AF3B-07492645B544}.Debug|ARM64.ActiveCfg = Debug|Any CPU
		{F6F2CF13-E104-4A17-AF3B-07492645B544}.Debug|ARM64.Build.0 = Debug|Any CPU
		{F6F2CF13-E104-4A17-AF3B-07492645B544}.Debug|x64.ActiveCfg = Debug|Any CPU
		{F6F2CF13-E104-4A17-AF3B-07492645B544}.Debug|x64.Build.0 = Debug|Any CPU
		{F6F2CF13-E104-4A17-AF3B-07492645B544}.Debug|x86.ActiveCfg = Debug|Any CPU
		{F6F2CF13-E104-4A17-AF3B-07492645B544}.Debug|x86.Build.0 = Debug|Any CPU
		{F6F2CF13-E104-4A17-AF3B-07492645B544}.Release|Any CPU.ActiveCfg = Release|Any CPU
		{F6F2CF13-E104-4A17-AF3B-07492645B544}.Release|Any CPU.Build.0 = Release|Any CPU
		{F6F2CF13-E104-4A17-AF3B-07492645B544}.Release|ARM64.ActiveCfg = Release|Any CPU
		{F6F2CF13-E104-4A17-AF3B-07492645B544}.Release|ARM64.Build.0 = Release|Any CPU
		{F6F2CF13-E104-4A17-AF3B-07492645B544}.Release|x64.ActiveCfg = Release|Any CPU
		{F6F2CF13-E104-4A17-AF3B-07492645B544}.Release|x64.Build.0 = Release|Any CPU
		{F6F2CF13-E104-4A17-AF3B-07492645B544}.Release|x86.ActiveCfg = Release|Any CPU
		{F6F2CF13-E104-4A17-AF3B-07492645B544}.Release|x86.Build.0 = Release|Any CPU
		{D95F1F78-C4D8-4E82-8368-9051EED06230}.Debug|Any CPU.ActiveCfg = Debug|Any CPU
		{D95F1F78-C4D8-4E82-8368-9051EED06230}.Debug|Any CPU.Build.0 = Debug|Any CPU
		{D95F1F78-C4D8-4E82-8368-9051EED06230}.Debug|ARM64.ActiveCfg = Debug|Any CPU
		{D95F1F78-C4D8-4E82-8368-9051EED06230}.Debug|ARM64.Build.0 = Debug|Any CPU
		{D95F1F78-C4D8-4E82-8368-9051EED06230}.Debug|x64.ActiveCfg = Debug|Any CPU
		{D95F1F78-C4D8-4E82-8368-9051EED06230}.Debug|x64.Build.0 = Debug|Any CPU
		{D95F1F78-C4D8-4E82-8368-9051EED06230}.Debug|x86.ActiveCfg = Debug|Any CPU
		{D95F1F78-C4D8-4E82-8368-9051EED06230}.Debug|x86.Build.0 = Debug|Any CPU
		{D95F1F78-C4D8-4E82-8368-9051EED06230}.Release|Any CPU.ActiveCfg = Release|Any CPU
		{D95F1F78-C4D8-4E82-8368-9051EED06230}.Release|Any CPU.Build.0 = Release|Any CPU
		{D95F1F78-C4D8-4E82-8368-9051EED06230}.Release|ARM64.ActiveCfg = Release|Any CPU
		{D95F1F78-C4D8-4E82-8368-9051EED06230}.Release|ARM64.Build.0 = Release|Any CPU
		{D95F1F78-C4D8-4E82-8368-9051EED06230}.Release|x64.ActiveCfg = Release|Any CPU
		{D95F1F78-C4D8-4E82-8368-9051EED06230}.Release|x64.Build.0 = Release|Any CPU
		{D95F1F78-C4D8-4E82-8368-9051EED06230}.Release|x86.ActiveCfg = Release|Any CPU
		{D95F1F78-C4D8-4E82-8368-9051EED06230}.Release|x86.Build.0 = Release|Any CPU
	EndGlobalSection
	GlobalSection(SolutionProperties) = preSolution
		HideSolutionNode = FALSE
	EndGlobalSection
	GlobalSection(ExtensibilityGlobals) = postSolution
		SolutionGuid = {01A5FDF1-6BC0-40CE-97F6-6489D3AFA906}
	EndGlobalSection
EndGlobal
